
Microsoft Visual Studio Solution File, Format Version 12.00
# Visual Studio Version 16
VisualStudioVersion = 16.0.30002.166
MinimumVisualStudioVersion = 10.0.40219.1
Project("{FAE04EC0-301F-11D3-BF4B-00C04F79EFBC}") = "IScalc", "IScalc\IScalc.csproj", "{7B5E2FC1-A03E-459B-A32D-EDB27A3C4F45}"
EndProject
Project("{FAE04EC0-301F-11D3-BF4B-00C04F79EFBC}") = "UnitTestProject1", "UnitTestProject1\UnitTestProject1.csproj", "{AF96681B-A703-458A-B0E1-0B36AC39A9C0}"
EndProject
Project("{FAE04EC0-301F-11D3-BF4B-00C04F79EFBC}") = "MineSweeper", "MineSweeper\MineSweeper.csproj", "{00A7BE5C-7017-4DD6-913A-B682F0F6080A}"
EndProject
Global
	GlobalSection(SolutionConfigurationPlatforms) = preSolution
		Debug|Any CPU = Debug|Any CPU
		Release|Any CPU = Release|Any CPU
	EndGlobalSection
	GlobalSection(ProjectConfigurationPlatforms) = postSolution
		{7B5E2FC1-A03E-459B-A32D-EDB27A3C4F45}.Debug|Any CPU.ActiveCfg = Debug|Any CPU
		{7B5E2FC1-A03E-459B-A32D-EDB27A3C4F45}.Debug|Any CPU.Build.0 = Debug|Any CPU
		{7B5E2FC1-A03E-459B-A32D-EDB27A3C4F45}.Release|Any CPU.ActiveCfg = Release|Any CPU
		{7B5E2FC1-A03E-459B-A32D-EDB27A3C4F45}.Release|Any CPU.Build.0 = Release|Any CPU
		{AF96681B-A703-458A-B0E1-0B36AC39A9C0}.Debug|Any CPU.ActiveCfg = Debug|Any CPU
		{AF96681B-A703-458A-B0E1-0B36AC39A9C0}.Debug|Any CPU.Build.0 = Debug|Any CPU
		{AF96681B-A703-458A-B0E1-0B36AC39A9C0}.Release|Any CPU.ActiveCfg = Release|Any CPU
		{AF96681B-A703-458A-B0E1-0B36AC39A9C0}.Release|Any CPU.Build.0 = Release|Any CPU
		{00A7BE5C-7017-4DD6-913A-B682F0F6080A}.Debug|Any CPU.ActiveCfg = Debug|Any CPU
		{00A7BE5C-7017-4DD6-913A-B682F0F6080A}.Debug|Any CPU.Build.0 = Debug|Any CPU
		{00A7BE5C-7017-4DD6-913A-B682F0F6080A}.Release|Any CPU.ActiveCfg = Release|Any CPU
		{00A7BE5C-7017-4DD6-913A-B682F0F6080A}.Release|Any CPU.Build.0 = Release|Any CPU
	EndGlobalSection
	GlobalSection(SolutionProperties) = preSolution
		HideSolutionNode = FALSE
	EndGlobalSection
	GlobalSection(ExtensibilityGlobals) = postSolution
		SolutionGuid = {C9BD38BA-C58F-4840-9E3A-B0FD49179B74}
	EndGlobalSection
EndGlobal
